<?xml version="1.0" encoding="utf-8"?>
<Project ToolsVersion="4.0" xmlns="http://schemas.microsoft.com/developer/msbuild/2003">
  <ItemGroup>
    <Filter Include="Source Files">
      <UniqueIdentifier>{4FC737F1-C7A5-4376-A066-2A32D752A2FF}</UniqueIdentifier>
      <Extensions>cpp;c;cc;cxx;def;odl;idl;hpj;bat;asm;asmx</Extensions>
    </Filter>
    <Filter Include="Header Files">
      <UniqueIdentifier>{93995380-89BD-4b04-88EB-625FBE52EBFB}</UniqueIdentifier>
      <Extensions>h;hh;hpp;hxx;hm;inl;inc;xsd</Extensions>
    </Filter>
    <Filter Include="Resource Files">
      <UniqueIdentifier>{67DA6AB6-F800-4c08-8B7A-83BB121AAD01}</UniqueIdentifier>
      <Extensions>rc;ico;cur;bmp;dlg;rc2;rct;bin;rgs;gif;jpg;jpeg;jpe;resx;tiff;tif;png;wav;mfcribbon-ms</Extensions>
    </Filter>
  </ItemGroup>
  <ItemGroup>
    <None Include="Assets\Shaders\phong-tex.frag">
      <Filter>Resource Files</Filter>
    </None>
    <None Include="Assets\Shaders\phong-tex.vert">
      <Filter>Resource Files</Filter>
    </None>
    <None Include="Assets\Shaders\textured.frag">
      <Filter>Resource Files</Filter>
    </None>
    <None Include="Assets\Shaders\textured.vert">
      <Filter>Resource Files</Filter>
    </None>
    <None Include="Assets\Shaders\text2D.frag">
      <Filter>Resource Files</Filter>
    </None>
    <None Include="Assets\Shaders\text2D.vert">
      <Filter>Resource Files</Filter>
    </None>
    <None Include="Assets\Shaders\terrain.frag">
      <Filter>Resource Files</Filter>
    </None>
    <None Include="Assets\Shaders\terrain.vert">
      <Filter>Resource Files</Filter>
    </None>
    <None Include="Assets\Shaders\skyBoxBasic.frag">
      <Filter>Resource Files</Filter>
    </None>
    <None Include="Assets\Shaders\skyBoxBasic.vert">
      <Filter>Resource Files</Filter>
    </None>
    <None Include="Assets\Shaders\terrainGrid.frag">
      <Filter>Resource Files</Filter>
    </None>
    <None Include="Assets\Shaders\terrainGrid.vert">
      <Filter>Resource Files</Filter>
    </None>
  </ItemGroup>
  <ItemGroup>
    <Font Include="Assets\Fonts\MavenPro-Regular.ttf">
      <Filter>Resource Files</Filter>
    </Font>
  </ItemGroup>
  <ItemGroup>
    <ClCompile Include="Engine\src\core\Behaviour.cpp">
      <Filter>Source Files</Filter>
    </ClCompile>
    <ClCompile Include="Engine\src\core\Component.cpp">
      <Filter>Source Files</Filter>
    </ClCompile>
    <ClCompile Include="Engine\src\core\GameEngine.cpp">
      <Filter>Source Files</Filter>
    </ClCompile>
    <ClCompile Include="Engine\src\core\GameObject.cpp">
      <Filter>Source Files</Filter>
    </ClCompile>
    <ClCompile Include="Engine\src\core\GameObjectManager.cpp">
      <Filter>Source Files</Filter>
    </ClCompile>
    <ClCompile Include="Engine\src\core\InputHandler.cpp">
      <Filter>Source Files</Filter>
    </ClCompile>
    <ClCompile Include="Engine\src\core\InputManager.cpp">
      <Filter>Source Files</Filter>
    </ClCompile>
    <ClCompile Include="Engine\src\core\KeyAxis.cpp">
      <Filter>Source Files</Filter>
    </ClCompile>
    <ClCompile Include="Engine\src\core\Scene.cpp">
      <Filter>Source Files</Filter>
    </ClCompile>
    <ClCompile Include="Engine\src\core\Transform.cpp">
      <Filter>Source Files</Filter>
    </ClCompile>
    <ClCompile Include="Engine\src\components\Camera.cpp">
      <Filter>Source Files</Filter>
    </ClCompile>
    <ClCompile Include="Engine\src\components\FreeCameraControl.cpp">
      <Filter>Source Files</Filter>
    </ClCompile>
    <ClCompile Include="Engine\src\components\MeshRenderer.cpp">
      <Filter>Source Files</Filter>
    </ClCompile>
    <ClCompile Include="Engine\src\components\Terrain.cpp">
      <Filter>Source Files</Filter>
    </ClCompile>
    <ClCompile Include="Engine\src\components\Text2D.cpp">
      <Filter>Source Files</Filter>
    </ClCompile>
    <ClCompile Include="Engine\src\components\Tile.cpp">
      <Filter>Source Files</Filter>
    </ClCompile>
    <ClCompile Include="Engine\src\physics\RayCast.cpp">
      <Filter>Source Files</Filter>
    </ClCompile>
    <ClCompile Include="Engine\src\physics\RaycastUtility.cpp">
      <Filter>Source Files</Filter>
    </ClCompile>
    <ClCompile Include="Engine\src\render\graphics\OGLGraphicHandler.cpp">
      <Filter>Source Files</Filter>
    </ClCompile>
    <ClCompile Include="Engine\src\render\mesh\AiModel.cpp">
      <Filter>Source Files</Filter>
    </ClCompile>
    <ClCompile Include="Engine\src\render\mesh\OGLMesh.cpp">
      <Filter>Source Files</Filter>
    </ClCompile>
    <ClCompile Include="Engine\src\render\mesh\OGLMeshManager.cpp">
      <Filter>Source Files</Filter>
    </ClCompile>
    <ClCompile Include="Engine\src\render\texture\TextureManager.cpp">
      <Filter>Source Files</Filter>
    </ClCompile>
    <ClCompile Include="Engine\src\render\window\SDLWindow.cpp">
      <Filter>Source Files</Filter>
    </ClCompile>
    <ClCompile Include="Engine\src\render\OGLShader.cpp">
      <Filter>Source Files</Filter>
    </ClCompile>
    <ClCompile Include="Engine\src\render\Shader.cpp">
      <Filter>Source Files</Filter>
    </ClCompile>
    <ClCompile Include="Engine\src\render\ShaderManager.cpp">
      <Filter>Source Files</Filter>
    </ClCompile>
    <ClCompile Include="Engine\src\utility\SimplexNoise.cpp">
      <Filter>Source Files</Filter>
    </ClCompile>
    <ClCompile Include="Engine\src\render\mesh\Skybox.cpp">
      <Filter>Source Files</Filter>
    </ClCompile>
    <ClCompile Include="Engine\src\components\TextureSetter.cpp">
      <Filter>Source Files</Filter>
    </ClCompile>
    <ClCompile Include="Engine\src\components\TerrainGrid.cpp">
      <Filter>Source Files</Filter>
    </ClCompile>
    <ClCompile Include="Engine\src\components\TerrainRenderer.cpp">
      <Filter>Source Files</Filter>
    </ClCompile>
  </ItemGroup>
  <ItemGroup>
    <ClInclude Include="Engine\include\MobaJuiceCore.h">
      <Filter>Header Files</Filter>
    </ClInclude>
    <ClInclude Include="Engine\include\utility\SimplexNoise.h">
      <Filter>Header Files</Filter>
    </ClInclude>
    <ClInclude Include="Engine\include\render\Material.h">
      <Filter>Header Files</Filter>
    </ClInclude>
    <ClInclude Include="Engine\include\render\OGLShader.h">
      <Filter>Header Files</Filter>
    </ClInclude>
    <ClInclude Include="Engine\include\render\Renderer.h">
      <Filter>Header Files</Filter>
    </ClInclude>
    <ClInclude Include="Engine\include\render\Shader.h">
      <Filter>Header Files</Filter>
    </ClInclude>
    <ClInclude Include="Engine\include\render\ShaderManager.h">
      <Filter>Header Files</Filter>
    </ClInclude>
    <ClInclude Include="Engine\include\render\window\SDLWindow.h">
      <Filter>Header Files</Filter>
    </ClInclude>
    <ClInclude Include="Engine\include\render\window\Window.h">
      <Filter>Header Files</Filter>
    </ClInclude>
    <ClInclude Include="Engine\include\render\texture\Texture.h">
      <Filter>Header Files</Filter>
    </ClInclude>
    <ClInclude Include="Engine\include\render\texture\TextureManager.h">
      <Filter>Header Files</Filter>
    </ClInclude>
    <ClInclude Include="Engine\include\render\mesh\AiModel.h">
      <Filter>Header Files</Filter>
    </ClInclude>
    <ClInclude Include="Engine\include\render\mesh\Mesh.h">
      <Filter>Header Files</Filter>
    </ClInclude>
    <ClInclude Include="Engine\include\render\mesh\MeshData.h">
      <Filter>Header Files</Filter>
    </ClInclude>
    <ClInclude Include="Engine\include\render\mesh\OGLMesh.h">
      <Filter>Header Files</Filter>
    </ClInclude>
    <ClInclude Include="Engine\include\render\mesh\OGLMeshManager.h">
      <Filter>Header Files</Filter>
    </ClInclude>
    <ClInclude Include="Engine\include\render\mesh\Shape.h">
      <Filter>Header Files</Filter>
    </ClInclude>
    <ClInclude Include="Engine\include\render\graphics\GraphicHandler.h">
      <Filter>Header Files</Filter>
    </ClInclude>
    <ClInclude Include="Engine\include\render\graphics\OGLGraphicHandler.h">
      <Filter>Header Files</Filter>
    </ClInclude>
    <ClInclude Include="Engine\include\physics\RayCast.h">
      <Filter>Header Files</Filter>
    </ClInclude>
    <ClInclude Include="Engine\include\physics\RaycastUtility.h">
      <Filter>Header Files</Filter>
    </ClInclude>
    <ClInclude Include="Engine\include\core\GameEngine.h">
      <Filter>Header Files</Filter>
    </ClInclude>
    <ClInclude Include="Engine\include\core\GameObject.h">
      <Filter>Header Files</Filter>
    </ClInclude>
    <ClInclude Include="Engine\include\core\GameObjectManager.h">
      <Filter>Header Files</Filter>
    </ClInclude>
    <ClInclude Include="Engine\include\core\InputHandler.h">
      <Filter>Header Files</Filter>
    </ClInclude>
    <ClInclude Include="Engine\include\core\InputManager.h">
      <Filter>Header Files</Filter>
    </ClInclude>
    <ClInclude Include="Engine\include\core\KeyAxis.h">
      <Filter>Header Files</Filter>
    </ClInclude>
    <ClInclude Include="Engine\include\core\ManagerCollection.h">
      <Filter>Header Files</Filter>
    </ClInclude>
    <ClInclude Include="Engine\include\core\Scene.h">
      <Filter>Header Files</Filter>
    </ClInclude>
    <ClInclude Include="Engine\include\core\SDLKeyMapper.h">
      <Filter>Header Files</Filter>
    </ClInclude>
    <ClInclude Include="Engine\include\core\Transform.h">
      <Filter>Header Files</Filter>
    </ClInclude>
    <ClInclude Include="Engine\include\components\Behaviour.h">
      <Filter>Header Files</Filter>
    </ClInclude>
    <ClInclude Include="Engine\include\components\Camera.h">
      <Filter>Header Files</Filter>
    </ClInclude>
    <ClInclude Include="Engine\include\components\Component.h">
      <Filter>Header Files</Filter>
    </ClInclude>
    <ClInclude Include="Engine\include\components\FreeCameraControl.h">
      <Filter>Header Files</Filter>
    </ClInclude>
    <ClInclude Include="Engine\include\components\MeshRenderer.h">
      <Filter>Header Files</Filter>
    </ClInclude>
    <ClInclude Include="Engine\include\components\Terrain.h">
      <Filter>Header Files</Filter>
    </ClInclude>
    <ClInclude Include="Engine\include\components\Text2D.h">
      <Filter>Header Files</Filter>
    </ClInclude>
    <ClInclude Include="Engine\include\components\Tile.h">
      <Filter>Header Files</Filter>
    </ClInclude>
    <ClInclude Include="Engine\include\render\mesh\Skybox.h">
      <Filter>Header Files</Filter>
    </ClInclude>
    <ClInclude Include="Engine\include\components\TextureSetter.h">
      <Filter>Header Files</Filter>
    </ClInclude>
    <ClInclude Include="Engine\include\components\TerrainGrid.h">
      <Filter>Header Files</Filter>
    </ClInclude>
    <ClInclude Include="Engine\include\components\TerrainRenderer.h">
      <Filter>Header Files</Filter>
    </ClInclude>
  </ItemGroup>
</Project>